
Microsoft Visual Studio Solution File, Format Version 12.00
# Visual Studio Version 17
VisualStudioVersion = 17.14.36518.9
MinimumVisualStudioVersion = 10.0.40219.1
Project("{FAE04EC0-301F-11D3-BF4B-00C04F79EFBC}") = "INFS4420Labs", "INFS4420Labs.csproj", "{57CA05C8-772B-4DAA-B5E5-E3DBE698B79E}"
EndProject
Global
	GlobalSection(SolutionConfigurationPlatforms) = preSolution
		Debug|Any CPU = Debug|Any CPU
		Release|Any CPU = Release|Any CPU
	EndGlobalSection
	GlobalSection(ProjectConfigurationPlatforms) = postSolution
		{57CA05C8-772B-4DAA-B5E5-E3DBE698B79E}.Debug|Any CPU.ActiveCfg = Debug|Any CPU
		{57CA05C8-772B-4DAA-B5E5-E3DBE698B79E}.Debug|Any CPU.Build.0 = Debug|Any CPU
		{57CA05C8-772B-4DAA-B5E5-E3DBE698B79E}.Release|Any CPU.ActiveCfg = Release|Any CPU
		{57CA05C8-772B-4DAA-B5E5-E3DBE698B79E}.Release|Any CPU.Build.0 = Release|Any CPU
	EndGlobalSection
	GlobalSection(SolutionProperties) = preSolution
		HideSolutionNode = FALSE
	EndGlobalSection
	GlobalSection(ExtensibilityGlobals) = postSolution
		SolutionGuid = {2B6FB714-40DF-4FDA-A456-860483A3C133}
	EndGlobalSection
EndGlobal
